hash: d88ce1c34dd17a933f62cb609cce0566dcf840ff7b23809d32f6cf35f8cd8b2c
updated: 2017-11-13T10:23:39.3647601+08:00
imports:
- name: github.com/astaxie/beego
  version: c5118e9535f237996bae7c7baebe4ed4247cb2c6
  subpackages:
  - httplib
- name: github.com/container-storage-interface/spec
  version: 51e48d38ac8a5b4bdcf41826b77dc016ad83451e
  subpackages:
  - lib/go/csi
- name: github.com/golang/glog
  version: 44145f04b68cf362d9c4df2182967c2275eaefed
- name: github.com/golang/protobuf
  version: 130e6b02ab059e7b717a096f397c5b60111cae74
  subpackages:
  - proto
  - protoc-gen-go/descriptor
  - ptypes
  - ptypes/any
  - ptypes/duration
  - ptypes/timestamp
- name: github.com/gorilla/context
  version: 215affda49addc4c8ef7e2534915df2c8c35c6cd
- name: github.com/gorilla/mux
  version: 8096f47503459bcc74d1f4c487b7e6e42e5746b5
- name: github.com/kubernetes-incubator/service-catalog
  version: 48ecff13b1f18c7cf18798672a438b62822cda9b
  subpackages:
  - contrib/pkg/broker/controller
  - contrib/pkg/broker/server
  - contrib/pkg/brokerapi
  - pkg
  - pkg/util
- name: github.com/opensds/opensds
  version: 178f0b24fbda8f7bb01afda976a3155874cbf728
  subpackages:
  - client
  - pkg/model
- name: golang.org/x/net
  version: 1c05540f6879653db88113bc4a2b70aec4bd491f
  subpackages:
  - context
  - http2
  - http2/hpack
  - idna
  - internal/timeseries
  - lex/httplex
  - trace
- name: golang.org/x/sys
  version: 1e2299c37cc91a509f1b12369872d27be0ce98a6
  subpackages:
  - unix
- name: golang.org/x/text
  version: b19bf474d317b857955b12035d2c5acb57ce8b01
  subpackages:
  - secure/bidirule
  - secure/precis
  - transform
  - unicode/bidi
  - unicode/norm
- name: google.golang.org/genproto
  version: 11c7f9e547da6db876260ce49ea7536985904c9b
  subpackages:
  - googleapis/rpc/status
- name: google.golang.org/grpc
  version: 5ffe3083946d5603a0578721101dc8165b1d5b5f
  subpackages:
  - balancer
  - codes
  - connectivity
  - credentials
  - grpclb/grpc_lb_v1/messages
  - grpclog
  - internal
  - keepalive
  - metadata
  - naming
  - peer
  - reflection
  - reflection/grpc_reflection_v1alpha
  - resolver
  - stats
  - status
  - tap
  - transport
testImports: []
