hash: b82e6f1d6ac9f819be58f9edba3af617115e264c185ba6b97db37a8690d57786
updated: 2017-10-30T17:00:41.7482005+08:00
imports:
- name: github.com/astaxie/beego
  version: c5118e9535f237996bae7c7baebe4ed4247cb2c6
  subpackages:
  - httplib
- name: github.com/container-storage-interface/spec
  version: 9d4ce05b42cbfc75a7e0c198ab46e6399e01fbb5
  subpackages:
  - lib/go/csi
- name: github.com/golang/glog
  version: 44145f04b68cf362d9c4df2182967c2275eaefed
- name: github.com/golang/protobuf
  version: 4bd1920723d7b7c925de087aa32e2187708897f7
  subpackages:
  - proto
  - protoc-gen-go/descriptor
  - ptypes
  - ptypes/any
  - ptypes/duration
  - ptypes/timestamp
- name: github.com/gorilla/context
  version: 08b5f424b9271eedf6f9f0ce86cb9396ed337a42
- name: github.com/gorilla/mux
  version: 8096f47503459bcc74d1f4c487b7e6e42e5746b5
- name: github.com/kubernetes-incubator/service-catalog
  version: e4293d3094a16e149dc251f63ec5c33f8af2fce4
  subpackages:
  - contrib/pkg/broker/controller
  - contrib/pkg/broker/server
  - contrib/pkg/brokerapi
  - pkg
  - pkg/util
- name: github.com/opensds/opensds
  version: 549baed7361d7bc9b83d692b1def30f37e0b0df8
  subpackages:
  - client
  - pkg/model
- name: golang.org/x/net
  version: 1c05540f6879653db88113bc4a2b70aec4bd491f
  subpackages:
  - context
  - http2
  - http2/hpack
  - idna
  - internal/timeseries
  - lex/httplex
  - trace
- name: golang.org/x/text
  version: b19bf474d317b857955b12035d2c5acb57ce8b01
  subpackages:
  - secure/bidirule
  - secure/precis
  - transform
  - unicode/bidi
  - unicode/norm
- name: google.golang.org/genproto
  version: f676e0f3ac6395ff1a529ae59a6670878a8371a6
  subpackages:
  - googleapis/rpc/status
- name: google.golang.org/grpc
  version: 61d37c5d657a47e4404fd6823bd598341a2595de
  subpackages:
  - balancer
  - codes
  - connectivity
  - credentials
  - grpclb/grpc_lb_v1/messages
  - grpclog
  - internal
  - keepalive
  - metadata
  - naming
  - peer
  - reflection
  - reflection/grpc_reflection_v1alpha
  - resolver
  - stats
  - status
  - tap
  - transport
testImports: []
